
Microsoft Visual Studio Solution File, Format Version 11.00
# Visual Studio 2010
Project("{FAE04EC0-301F-11D3-BF4B-00C04F79EFBC}") = "Assembly-CSharp", "Assembly-CSharp.csproj", "{CFD6CF11-E4B2-960E-5C50-941AEF349FAF}"
EndProject
Global
	GlobalSection(SolutionConfigurationPlatforms) = preSolution
		Debug|Any CPU = Debug|Any CPU
		Release|Any CPU = Release|Any CPU
	EndGlobalSection
	GlobalSection(ProjectConfigurationPlatforms) = postSolution
		{CFD6CF11-E4B2-960E-5C50-941AEF349FAF}.Debug|Any CPU.ActiveCfg = Debug|Any CPU
		{CFD6CF11-E4B2-960E-5C50-941AEF349FAF}.Debug|Any CPU.Build.0 = Debug|Any CPU
		{CFD6CF11-E4B2-960E-5C50-941AEF349FAF}.Release|Any CPU.ActiveCfg = Release|Any CPU
		{CFD6CF11-E4B2-960E-5C50-941AEF349FAF}.Release|Any CPU.Build.0 = Release|Any CPU
	EndGlobalSection
	GlobalSection(SolutionProperties) = preSolution
		HideSolutionNode = FALSE
	EndGlobalSection
EndGlobal
